
Microsoft Visual Studio Solution File, Format Version 12.00
# Visual Studio 2012
Project("{FAE04EC0-301F-11D3-BF4B-00C04F79EFBC}") = "SeaFight", "SeaFight.csproj", "{F2A53976-A242-4D02-97E1-DF407FA98434}"
EndProject
Project("{FAE04EC0-301F-11D3-BF4B-00C04F79EFBC}") = "SeaFight.Test", "..\SeaFight.Test\SeaFight.Test.csproj", "{3F74E2D5-EE14-41FA-89F3-5BD347165212}"
EndProject
Global
	GlobalSection(SolutionConfigurationPlatforms) = preSolution
		Debug|Any CPU = Debug|Any CPU
		Release|Any CPU = Release|Any CPU
	EndGlobalSection
	GlobalSection(ProjectConfigurationPlatforms) = postSolution
		{F2A53976-A242-4D02-97E1-DF407FA98434}.Debug|Any CPU.ActiveCfg = Debug|Any CPU
		{F2A53976-A242-4D02-97E1-DF407FA98434}.Debug|Any CPU.Build.0 = Debug|Any CPU
		{F2A53976-A242-4D02-97E1-DF407FA98434}.Release|Any CPU.ActiveCfg = Release|Any CPU
		{F2A53976-A242-4D02-97E1-DF407FA98434}.Release|Any CPU.Build.0 = Release|Any CPU
		{3F74E2D5-EE14-41FA-89F3-5BD347165212}.Debug|Any CPU.ActiveCfg = Debug|Any CPU
		{3F74E2D5-EE14-41FA-89F3-5BD347165212}.Debug|Any CPU.Build.0 = Debug|Any CPU
		{3F74E2D5-EE14-41FA-89F3-5BD347165212}.Release|Any CPU.ActiveCfg = Release|Any CPU
		{3F74E2D5-EE14-41FA-89F3-5BD347165212}.Release|Any CPU.Build.0 = Release|Any CPU
	EndGlobalSection
	GlobalSection(SolutionProperties) = preSolution
		HideSolutionNode = FALSE
	EndGlobalSection
EndGlobal
